# This file was autogenerated by Stack.
# You should not edit this file by hand.
# For more information, please see the documentation at:
#   https://docs.haskellstack.org/en/stable/lock_files

packages:
- completed:
    hackage: chiphunk-0.1.2.1@sha256:1e17e0e3d2fc91317e2cfcb8fd9f7add4a5038d76a4ae6b444641c0a2adec881,4619
    pantry-tree:
      size: 6333
      sha256: 505d40929bd792b8003c0d03ec93d99ecba5e7927fbc6193824c0dab92c54dec
  original:
    hackage: chiphunk-0.1.2.1
- completed:
    hackage: cubicbezier-0.6.0.6@sha256:2191ff47144d9a13a2784651a33d340cd31be1926a6c188925143103eb3c8db3,2243
    pantry-tree:
      size: 1029
      sha256: 1a6e3a16c3d33c8baac53b4345b29695ff90cf2b559cfed349ab1bc454949632
  original:
    hackage: cubicbezier-0.6.0.6@sha256:2191ff47144d9a13a2784651a33d340cd31be1926a6c188925143103eb3c8db3
- completed:
    hackage: fast-math-1.0.2@sha256:91181eb836e54413cc5a841e797c42b2264954e893ea530b6fc4da0dccf6a8b7,1387
    pantry-tree:
      size: 421
      sha256: f22194924e26d3a27faef9cc9943ebb703c508d8ee9c9c7507618e39d62853af
  original:
    hackage: fast-math-1.0.2@sha256:91181eb836e54413cc5a841e797c42b2264954e893ea530b6fc4da0dccf6a8b7
- completed:
    hackage: matrices-0.5.0@sha256:b2761813f6a61c84224559619cc60a16a858ac671c8436bbac8ec89e85473058,1656
    pantry-tree:
      size: 1202
      sha256: f5f030a2c4641dfbee6e403590493a30d7de7bca15d1c304616ff186f64860c8
  original:
    hackage: matrices-0.5.0@sha256:b2761813f6a61c84224559619cc60a16a858ac671c8436bbac8ec89e85473058
snapshots:
- completed:
    size: 497078
    url: https://raw.githubusercontent.com/commercialhaskell/stackage-snapshots/master/lts/13/14.yaml
    sha256: 9e5ba48e5188aeb52bb0df9bc65dbd858a12c33f5b8d495a3eb588dc9ffcb15a
  original: lts-13.14
