# This file was autogenerated by Stack.
# You should not edit this file by hand.
# For more information, please see the documentation at:
#   https://docs.haskellstack.org/en/stable/lock_files

packages:
- completed:
    hackage: discord-haskell-1.8.0@sha256:420515069c5be313dd31d16e9a4b163d2b3fdda18ba18e98cbb0b0536cbae136,3562
    pantry-tree:
      size: 2108
      sha256: 2d32f71b9d3e32f797ad6d614d748b491350ff0febb7e7bfc6f7fb595d752a0d
  original:
    hackage: discord-haskell-1.8.0
- completed:
    hackage: emoji-0.1.0.2@sha256:d995572a5c7dcd28f98eb15c6e387a7b3bda1ac2477ab0d9dba8580d5d7b161f,1273
    pantry-tree:
      size: 437
      sha256: dd9ea90a631342e5db0fc21331ade4d563a685e9125d5a3989eefa8e1b96c6c6
  original:
    hackage: emoji-0.1.0.2@sha256:d995572a5c7dcd28f98eb15c6e387a7b3bda1ac2477ab0d9dba8580d5d7b161f,1273
- completed:
    hackage: req-3.1.0@sha256:b058fd588ccdbced9e7d33b9112cd41960f29ce90acc7d77e2dd7518da171a01,4926
    pantry-tree:
      size: 712
      sha256: 060ee6b5a2f16b369cbb4fb27c33412eeb5e7a2a29d66f33046436f483695843
  original:
    hackage: req-3.1.0@sha256:b058fd588ccdbced9e7d33b9112cd41960f29ce90acc7d77e2dd7518da171a01,4926
snapshots:
- completed:
    size: 534126
    url: https://raw.githubusercontent.com/commercialhaskell/stackage-snapshots/master/lts/16/31.yaml
    sha256: 637fb77049b25560622a224845b7acfe81a09fdb6a96a3c75997a10b651667f6
  original: lts-16.31
