# This file was autogenerated by Stack.
# You should not edit this file by hand.
# For more information, please see the documentation at:
#   https://docs.haskellstack.org/en/stable/lock_files

packages:
- completed:
    hackage: discord-haskell-1.6.0@sha256:31fa17a469dabee9e543a264fa958dc6fbf8119b3626fa06a595208114b7c3a2,3798
    pantry-tree:
      size: 2108
      sha256: 6594c59c4a525622db05fe3135ae896826d532781e9ab692b254e3b4746057f7
  original:
    hackage: discord-haskell-1.6.0@sha256:31fa17a469dabee9e543a264fa958dc6fbf8119b3626fa06a595208114b7c3a2,3798
- completed:
    hackage: emoji-0.1.0.2@sha256:d995572a5c7dcd28f98eb15c6e387a7b3bda1ac2477ab0d9dba8580d5d7b161f,1273
    pantry-tree:
      size: 437
      sha256: dd9ea90a631342e5db0fc21331ade4d563a685e9125d5a3989eefa8e1b96c6c6
  original:
    hackage: emoji-0.1.0.2@sha256:d995572a5c7dcd28f98eb15c6e387a7b3bda1ac2477ab0d9dba8580d5d7b161f,1273
- completed:
    hackage: req-3.1.0@sha256:b058fd588ccdbced9e7d33b9112cd41960f29ce90acc7d77e2dd7518da171a01,4926
    pantry-tree:
      size: 712
      sha256: 060ee6b5a2f16b369cbb4fb27c33412eeb5e7a2a29d66f33046436f483695843
  original:
    hackage: req-3.1.0@sha256:b058fd588ccdbced9e7d33b9112cd41960f29ce90acc7d77e2dd7518da171a01,4926
snapshots:
- completed:
    size: 531237
    url: https://raw.githubusercontent.com/commercialhaskell/stackage-snapshots/master/lts/16/0.yaml
    sha256: 210e15b7043e2783115afe16b0d54914b1611cdaa73f3ca3ca7f8e0847ff54e5
  original: lts-16.0
